schema: '2.0'
stages:
  data_ingestion:
    cmd: python src/gaspriceforecast/pipeline/stage_00_data_ingestion.py
    deps:
    - path: config/config.yaml
      hash: md5
      md5: 99dbb7f1a212dae38988e3db1af804f7
      size: 3827
    - path: src/gaspriceforecast/components/data_ingestion.py
      hash: md5
      md5: 1291d5ebc850bcb5566cee2b22e07186
      size: 4897
    - path: src/gaspriceforecast/pipeline/stage_00_data_ingestion.py
      hash: md5
      md5: 10d317fb5a735bf7cfe13b089ab72146
      size: 1070
    outs:
    - path: artifacts/data_ingestion
      hash: md5
      md5: 30878a1e174802985d36ebb9fac23203.dir
      size: 464952
      nfiles: 3
  data_preparation:
    cmd: python src/gaspriceforecast/pipeline/stage_01_data_preparation.py
    deps:
    - path: artifacts/data_ingestion
      hash: md5
      md5: 30878a1e174802985d36ebb9fac23203.dir
      size: 464952
      nfiles: 3
    - path: config/config.yaml
      hash: md5
      md5: 99dbb7f1a212dae38988e3db1af804f7
      size: 3827
    - path: src/gaspriceforecast/components/data_preparation.py
      hash: md5
      md5: fe0afb12812d286883016aebbb707a9e
      size: 3906
    - path: src/gaspriceforecast/pipeline/stage_01_data_preparation.py
      hash: md5
      md5: 29193b2a92b7387cb97e0ce654092964
      size: 1023
    outs:
    - path: artifacts/prepare_data
      hash: md5
      md5: bf51227152044a0ec9f73b23a34a95f9.dir
      size: 811108
      nfiles: 1
  prophet_baseline:
    cmd: python src/gaspriceforecast/pipeline/stage_02_prophet_baseline.py
    deps:
    - path: artifacts/prepare_data
      hash: md5
      md5: bf51227152044a0ec9f73b23a34a95f9.dir
      size: 811108
      nfiles: 1
    - path: config/config.yaml
      hash: md5
      md5: 99dbb7f1a212dae38988e3db1af804f7
      size: 3827
    - path: params.yaml
      hash: md5
      md5: 8e4f53ca16d05e30300641b289c98bc7
      size: 1152
    - path: src/gaspriceforecast/components/prophet_baseline.py
      hash: md5
      md5: 5e1e445968b976f546968cc67288835c
      size: 5610
    - path: src/gaspriceforecast/pipeline/stage_02_prophet_baseline.py
      hash: md5
      md5: 4760e60dc86f8b068cd6fd1ac91f9754
      size: 944
    outs:
    - path: artifacts/prophet_baseline
      hash: md5
      md5: cfbbbfdebf0896540981870261f44590.dir
      size: 645390
      nfiles: 6
  lstm_model:
    cmd: python src/gaspriceforecast/pipeline/stage_03_lstm_model.py
    deps:
    - path: artifacts/prepare_data
      hash: md5
      md5: bf51227152044a0ec9f73b23a34a95f9.dir
      size: 811108
      nfiles: 1
    - path: config/config.yaml
      hash: md5
      md5: 99dbb7f1a212dae38988e3db1af804f7
      size: 3827
    - path: params.yaml
      hash: md5
      md5: e66d129d5750ff639ae68def802ddbe3
      size: 1146
    - path: src/gaspriceforecast/components/lstm_model.py
      hash: md5
      md5: ba962bc71a23674138b15ecef0d52bce
      size: 7121
    - path: src/gaspriceforecast/pipeline/stage_03_lstm_model.py
      hash: md5
      md5: cad191003df4b40ae9681f3347bb43e1
      size: 893
    outs:
    - path: artifacts/lstm_model
      hash: md5
      md5: 3f449ca7a0b1dac02b3014fc529b2136.dir
      size: 1025465
      nfiles: 6
  bilstm_model:
    cmd: python src/gaspriceforecast/pipeline/stage_04_bilstm_model.py
    deps:
    - path: artifacts/prepare_data
      hash: md5
      md5: bf51227152044a0ec9f73b23a34a95f9.dir
      size: 811108
      nfiles: 1
    - path: config/config.yaml
      hash: md5
      md5: 99dbb7f1a212dae38988e3db1af804f7
      size: 3827
    - path: params.yaml
      hash: md5
      md5: e66d129d5750ff639ae68def802ddbe3
      size: 1146
    - path: src/gaspriceforecast/components/bilstm_model.py
      hash: md5
      md5: e17d8c640a466652398b31fa644c868a
      size: 6984
    - path: src/gaspriceforecast/pipeline/stage_04_bilstm_model.py
      hash: md5
      md5: dee1b1ddb0a8ac601b04ac548a5a3462
      size: 903
    outs:
    - path: artifacts/bilstm_model
      hash: md5
      md5: a4f54ddc9863ff193dc6bb9211a88f81.dir
      size: 1910427
      nfiles: 6
  model_evaluation:
    cmd: python src/gaspriceforecast/pipeline/stage_05_model_evaluation.py
    deps:
    - path: artifacts/bilstm_model/metrics.json
      hash: md5
      md5: 277cd8fec65be3b8c476d502b5fb6166
      size: 98
    - path: artifacts/lstm_model/metrics.json
      hash: md5
      md5: 5590d6be4fb6db4aa955fa7788f13ed9
      size: 98
    - path: artifacts/prophet_baseline/prophet_metrics.json
      hash: md5
      md5: 2dd62d0754054d03eac86a17c14ac0e2
      size: 98
    - path: config/config.yaml
      hash: md5
      md5: 99dbb7f1a212dae38988e3db1af804f7
      size: 3827
    - path: src/gaspriceforecast/components/mlflow_model_evaluation.py
      hash: md5
      md5: d464f4e39861f357f360329e6dcea938
      size: 10290
    - path: src/gaspriceforecast/pipeline/stage_05_model_evaluation.py
      hash: md5
      md5: b8c83e8eac9b4f9bd130fe1946f14071
      size: 973
    outs:
    - path: artifacts/model_evaluation
      hash: md5
      md5: 9396f56583ca43223630e36b6957a978.dir
      size: 21809
      nfiles: 2
  future_feature_engineering:
    cmd: python src/gaspriceforecast/pipeline/stage_06_future_feature_engineering.py
    deps:
    - path: artifacts/prepare_data/processed_data.csv
      hash: md5
      md5: 2733622d409fcd79c48084c49792ab6d
      size: 811108
    - path: config/config.yaml
      hash: md5
      md5: 99dbb7f1a212dae38988e3db1af804f7
      size: 3827
    - path: params.yaml
      hash: md5
      md5: e66d129d5750ff639ae68def802ddbe3
      size: 1146
    - path: src/gaspriceforecast/components/future_feature_engineering.py
      hash: md5
      md5: 59f3117e1017e93d6e4eaff4d05f83c2
      size: 7334
    - path: src/gaspriceforecast/pipeline/stage_06_future_feature_engineering.py
      hash: md5
      md5: 345fc64ada8b554fe36579954e60ee3e
      size: 943
    outs:
    - path: artifacts/future_feature_engineering/future_features.csv
      hash: md5
      md5: 7587c10d10f391ef87c4e239d0aa04ff
      size: 6703
  forecast_with_lstm:
    cmd: python src/gaspriceforecast/pipeline/stage_07_forecast_with_lstm.py
    deps:
    - path: artifacts/future_feature_engineering/future_features.csv
      hash: md5
      md5: 7587c10d10f391ef87c4e239d0aa04ff
      size: 6703
    - path: artifacts/future_feature_engineering/last_known.csv
      hash: md5
      md5: 13c1d0a5678d557d0ae444d8f0ed81d0
      size: 10828
    - path: artifacts/lstm_model/lstm_model.h5
      hash: md5
      md5: 2c9cf72f7f282b2417608771e59c9aa0
      size: 892864
    - path: artifacts/lstm_model/scaler.pkl
      hash: md5
      md5: 1ee55dbadd4ef11d3b24f9cf52ffda15
      size: 927
    - path: artifacts/lstm_model/scaler_feature.pkl
      hash: md5
      md5: 190776d4cc5eea65664484507d615738
      size: 1447
    - path: config/config.yaml
      hash: md5
      md5: 99dbb7f1a212dae38988e3db1af804f7
      size: 3827
    - path: params.yaml
      hash: md5
      md5: e66d129d5750ff639ae68def802ddbe3
      size: 1146
    - path: src/gaspriceforecast/components/forecast_with_lstm.py
      hash: md5
      md5: 84c79fa81891113f4c30b7fe91cca4d3
      size: 3699
    - path: src/gaspriceforecast/pipeline/stage_07_forecast_with_lstm.py
      hash: md5
      md5: 9c5ad44500ae453ac840e5ecfffbc758
      size: 910
    outs:
    - path: artifacts/forecast_with_lstm/forecast_plot.png
      hash: md5
      md5: 66bc6a4722ae61d9a0d1e47257f6f171
      size: 79693
    - path: artifacts/forecast_with_lstm/forecasted_prices.csv
      hash: md5
      md5: 011024478934bb9797239503fb858ceb
      size: 643
  forecast_with_bilstm:
    cmd: python src/gaspriceforecast/pipeline/stage_08_forecast_with_bilstm.py
    deps:
    - path: artifacts/bilstm_model/bilstm_model.h5
      hash: md5
      md5: 32b44e54979889316e101782cef6f22a
      size: 1772368
    - path: artifacts/bilstm_model/scaler.pkl
      hash: md5
      md5: 1ee55dbadd4ef11d3b24f9cf52ffda15
      size: 927
    - path: artifacts/bilstm_model/scaler_feature.pkl
      hash: md5
      md5: 190776d4cc5eea65664484507d615738
      size: 1447
    - path: artifacts/future_feature_engineering/future_features.csv
      hash: md5
      md5: 7587c10d10f391ef87c4e239d0aa04ff
      size: 6703
    - path: artifacts/future_feature_engineering/last_known.csv
      hash: md5
      md5: 13c1d0a5678d557d0ae444d8f0ed81d0
      size: 10828
    - path: config/config.yaml
      hash: md5
      md5: 99dbb7f1a212dae38988e3db1af804f7
      size: 3827
    - path: params.yaml
      hash: md5
      md5: e66d129d5750ff639ae68def802ddbe3
      size: 1146
    - path: src/gaspriceforecast/components/forecast_with_bilstm.py
      hash: md5
      md5: c4fe071d09b0a19f7e961aa0c1b4eda6
      size: 3711
    - path: src/gaspriceforecast/pipeline/stage_08_forecast_with_bilstm.py
      hash: md5
      md5: 59b8da5fd64da9c46439d99b4ba47d0d
      size: 926
    outs:
    - path: artifacts/forecast_with_bilstm/forecast_plot.png
      hash: md5
      md5: f54531b6a71438d289e53352a8224cd2
      size: 79789
    - path: artifacts/forecast_with_bilstm/forecasted_prices.csv
      hash: md5
      md5: 1181353992501fd99bb519bac4f933a1
      size: 645
