schema: '2.0'
stages:
  data_ingestion:
    cmd: python src/gaspriceforecast/pipeline/stage_00_data_ingestion.py
    deps:
    - path: config/config.yaml
      hash: md5
      md5: 99dbb7f1a212dae38988e3db1af804f7
      size: 3827
    - path: src/gaspriceforecast/components/data_ingestion.py
      hash: md5
      md5: 1291d5ebc850bcb5566cee2b22e07186
      size: 4897
    - path: src/gaspriceforecast/pipeline/stage_00_data_ingestion.py
      hash: md5
      md5: 10d317fb5a735bf7cfe13b089ab72146
      size: 1070
    outs:
    - path: artifacts/data_ingestion
      hash: md5
      md5: 30878a1e174802985d36ebb9fac23203.dir
      size: 464952
      nfiles: 3
  data_preparation:
    cmd: python src/gaspriceforecast/pipeline/stage_01_data_preparation.py
    deps:
    - path: artifacts/data_ingestion
      hash: md5
      md5: 30878a1e174802985d36ebb9fac23203.dir
      size: 464952
      nfiles: 3
    - path: config/config.yaml
      hash: md5
      md5: 99dbb7f1a212dae38988e3db1af804f7
      size: 3827
    - path: src/gaspriceforecast/components/data_preparation.py
      hash: md5
      md5: a7a83c8ea76e7d1c555f7a030350d10f
      size: 3907
    - path: src/gaspriceforecast/pipeline/stage_01_data_preparation.py
      hash: md5
      md5: 29193b2a92b7387cb97e0ce654092964
      size: 1023
    outs:
    - path: artifacts/prepare_data
      hash: md5
      md5: bb139259bd3e0f99e8988bacf112f75b.dir
      size: 811118
      nfiles: 1
  prophet_baseline:
    cmd: python src/gaspriceforecast/pipeline/stage_02_prophet_baseline.py
    deps:
    - path: artifacts/prepare_data
      hash: md5
      md5: bb139259bd3e0f99e8988bacf112f75b.dir
      size: 811118
      nfiles: 1
    - path: config/config.yaml
      hash: md5
      md5: 99dbb7f1a212dae38988e3db1af804f7
      size: 3827
    - path: params.yaml
      hash: md5
      md5: 3981c6fa67eb1e5556cab76dfbe071e3
      size: 1131
    - path: src/gaspriceforecast/components/prophet_baseline.py
      hash: md5
      md5: 5e1e445968b976f546968cc67288835c
      size: 5610
    - path: src/gaspriceforecast/pipeline/stage_02_prophet_baseline.py
      hash: md5
      md5: 4760e60dc86f8b068cd6fd1ac91f9754
      size: 944
    outs:
    - path: artifacts/prophet_baseline
      hash: md5
      md5: 2f06d95ee671a9dfc66c7b0ddc630492.dir
      size: 645390
      nfiles: 6
  lstm_model:
    cmd: python src/gaspriceforecast/pipeline/stage_03_lstm_model.py
    deps:
    - path: artifacts/prepare_data
      hash: md5
      md5: bb139259bd3e0f99e8988bacf112f75b.dir
      size: 811118
      nfiles: 1
    - path: config/config.yaml
      hash: md5
      md5: 99dbb7f1a212dae38988e3db1af804f7
      size: 3827
    - path: params.yaml
      hash: md5
      md5: 3981c6fa67eb1e5556cab76dfbe071e3
      size: 1131
    - path: src/gaspriceforecast/components/lstm_model.py
      hash: md5
      md5: ba962bc71a23674138b15ecef0d52bce
      size: 7121
    - path: src/gaspriceforecast/pipeline/stage_03_lstm_model.py
      hash: md5
      md5: cad191003df4b40ae9681f3347bb43e1
      size: 893
    outs:
    - path: artifacts/lstm_model
      hash: md5
      md5: b88f2d82ce62a6654553425243f884ea.dir
      size: 1024973
      nfiles: 6
  bilstm_model:
    cmd: python src/gaspriceforecast/pipeline/stage_04_bilstm_model.py
    deps:
    - path: artifacts/prepare_data
      hash: md5
      md5: bb139259bd3e0f99e8988bacf112f75b.dir
      size: 811118
      nfiles: 1
    - path: config/config.yaml
      hash: md5
      md5: 99dbb7f1a212dae38988e3db1af804f7
      size: 3827
    - path: params.yaml
      hash: md5
      md5: 3981c6fa67eb1e5556cab76dfbe071e3
      size: 1131
    - path: src/gaspriceforecast/components/bilstm_model.py
      hash: md5
      md5: e17d8c640a466652398b31fa644c868a
      size: 6984
    - path: src/gaspriceforecast/pipeline/stage_04_bilstm_model.py
      hash: md5
      md5: dee1b1ddb0a8ac601b04ac548a5a3462
      size: 903
    outs:
    - path: artifacts/bilstm_model
      hash: md5
      md5: 9e4fdf37436ed78514d32fa6775c75e3.dir
      size: 1912305
      nfiles: 6
  model_evaluation:
    cmd: python src/gaspriceforecast/pipeline/stage_05_model_evaluation.py
    deps:
    - path: artifacts/bilstm_model/metrics.json
      hash: md5
      md5: 98a2f701542eb788ef2e7c8fb3960ae5
      size: 98
    - path: artifacts/lstm_model/metrics.json
      hash: md5
      md5: 51f46661aac0d254f665e035e47578dc
      size: 99
    - path: artifacts/prophet_baseline/prophet_metrics.json
      hash: md5
      md5: 2dd62d0754054d03eac86a17c14ac0e2
      size: 98
    - path: config/config.yaml
      hash: md5
      md5: 99dbb7f1a212dae38988e3db1af804f7
      size: 3827
    - path: src/gaspriceforecast/components/mlflow_model_evaluation.py
      hash: md5
      md5: d464f4e39861f357f360329e6dcea938
      size: 10290
    - path: src/gaspriceforecast/pipeline/stage_05_model_evaluation.py
      hash: md5
      md5: b8c83e8eac9b4f9bd130fe1946f14071
      size: 973
    outs:
    - path: artifacts/model_evaluation
      hash: md5
      md5: 90c148f1c4abb0148db74bc8fd71cfe3.dir
      size: 21776
      nfiles: 2
  future_feature_engineering:
    cmd: python src/gaspriceforecast/pipeline/stage_06_future_feature_engineering.py
    deps:
    - path: artifacts/prepare_data/processed_data.csv
      hash: md5
      md5: 51b39689e5941348767f770fc8e881b6
      size: 811118
    - path: config/config.yaml
      hash: md5
      md5: 99dbb7f1a212dae38988e3db1af804f7
      size: 3827
    - path: params.yaml
      hash: md5
      md5: 3981c6fa67eb1e5556cab76dfbe071e3
      size: 1131
    - path: src/gaspriceforecast/components/future_feature_engineering.py
      hash: md5
      md5: 18d3240a7f61e9d885c961f1d90d03bf
      size: 7210
    - path: src/gaspriceforecast/pipeline/stage_06_future_feature_engineering.py
      hash: md5
      md5: 345fc64ada8b554fe36579954e60ee3e
      size: 943
    outs:
    - path: artifacts/future_feature_engineering/future_features.csv
      hash: md5
      md5: 9e69c282ed129c244cfae1604c0e7181
      size: 6755
  forecast_with_lstm:
    cmd: python src/gaspriceforecast/pipeline/stage_07_forecast_with_lstm.py
    deps:
    - path: artifacts/future_feature_engineering/future_features.csv
      hash: md5
      md5: 9e69c282ed129c244cfae1604c0e7181
      size: 6755
    - path: artifacts/future_feature_engineering/last_known.csv
      hash: md5
      md5: cefc95ca421c110176707dab00176889
      size: 10832
    - path: artifacts/lstm_model/lstm_model.h5
      hash: md5
      md5: 16eda62ea53b46954f70ec8457e3951d
      size: 892864
    - path: artifacts/lstm_model/scaler.pkl
      hash: md5
      md5: 1ee55dbadd4ef11d3b24f9cf52ffda15
      size: 927
    - path: artifacts/lstm_model/scaler_feature.pkl
      hash: md5
      md5: 9b9c0a27f2e7fdbf8a45921af11e6a60
      size: 1447
    - path: config/config.yaml
      hash: md5
      md5: 99dbb7f1a212dae38988e3db1af804f7
      size: 3827
    - path: params.yaml
      hash: md5
      md5: 3981c6fa67eb1e5556cab76dfbe071e3
      size: 1131
    - path: src/gaspriceforecast/components/forecast_with_lstm.py
      hash: md5
      md5: 84c79fa81891113f4c30b7fe91cca4d3
      size: 3699
    - path: src/gaspriceforecast/pipeline/stage_07_forecast_with_lstm.py
      hash: md5
      md5: 9c5ad44500ae453ac840e5ecfffbc758
      size: 910
    outs:
    - path: artifacts/forecast_with_lstm/forecast_plot.png
      hash: md5
      md5: 75258a572fb892dae9550a7236c84a65
      size: 80916
    - path: artifacts/forecast_with_lstm/forecasted_prices.csv
      hash: md5
      md5: 5d38c677da3b38cef9bc4f8cebf44d46
      size: 646
  forecast_with_bilstm:
    cmd: python src/gaspriceforecast/pipeline/stage_08_forecast_with_bilstm.py
    deps:
    - path: artifacts/bilstm_model/bilstm_model.h5
      hash: md5
      md5: 111dc24baed441b620497daa349ba72a
      size: 1772368
    - path: artifacts/bilstm_model/scaler.pkl
      hash: md5
      md5: 1ee55dbadd4ef11d3b24f9cf52ffda15
      size: 927
    - path: artifacts/bilstm_model/scaler_feature.pkl
      hash: md5
      md5: 9b9c0a27f2e7fdbf8a45921af11e6a60
      size: 1447
    - path: artifacts/future_feature_engineering/future_features.csv
      hash: md5
      md5: 9e69c282ed129c244cfae1604c0e7181
      size: 6755
    - path: artifacts/future_feature_engineering/last_known.csv
      hash: md5
      md5: cefc95ca421c110176707dab00176889
      size: 10832
    - path: config/config.yaml
      hash: md5
      md5: 99dbb7f1a212dae38988e3db1af804f7
      size: 3827
    - path: params.yaml
      hash: md5
      md5: 3981c6fa67eb1e5556cab76dfbe071e3
      size: 1131
    - path: src/gaspriceforecast/components/forecast_with_bilstm.py
      hash: md5
      md5: c4fe071d09b0a19f7e961aa0c1b4eda6
      size: 3711
    - path: src/gaspriceforecast/pipeline/stage_08_forecast_with_bilstm.py
      hash: md5
      md5: 59b8da5fd64da9c46439d99b4ba47d0d
      size: 926
    outs:
    - path: artifacts/forecast_with_bilstm/forecast_plot.png
      hash: md5
      md5: 971edc6011db424be7ebf3f60650966f
      size: 81562
    - path: artifacts/forecast_with_bilstm/forecasted_prices.csv
      hash: md5
      md5: 8e527403bd409ee63c57ab0789daf36a
      size: 646
