schema: '2.0'
stages:
  data_ingestion:
    cmd: python src/gaspriceforecast/pipeline/stage_00_data_ingestion.py
    deps:
    - path: config/config.yaml
      hash: md5
      md5: 29ed721350a6f946be53f07f330b2e9e
      size: 3751
    - path: src/gaspriceforecast/components/data_ingestion.py
      hash: md5
      md5: 1291d5ebc850bcb5566cee2b22e07186
      size: 4897
    - path: src/gaspriceforecast/pipeline/stage_00_data_ingestion.py
      hash: md5
      md5: 10d317fb5a735bf7cfe13b089ab72146
      size: 1070
    outs:
    - path: artifacts/data_ingestion
      hash: md5
      md5: dd946511263fb5b4cd7615dda3171eba.dir
      size: 464743
      nfiles: 3
  data_preparation:
    cmd: python src/gaspriceforecast/pipeline/stage_01_data_preparation.py
    deps:
    - path: artifacts/data_ingestion
      hash: md5
      md5: dd946511263fb5b4cd7615dda3171eba.dir
      size: 464743
      nfiles: 3
    - path: config/config.yaml
      hash: md5
      md5: 29ed721350a6f946be53f07f330b2e9e
      size: 3751
    - path: src/gaspriceforecast/components/data_preparation.py
      hash: md5
      md5: d97ee993f02331145db1513fc9d63554
      size: 3870
    - path: src/gaspriceforecast/pipeline/stage_01_data_preparation.py
      hash: md5
      md5: 29193b2a92b7387cb97e0ce654092964
      size: 1023
    outs:
    - path: artifacts/prepare_data
      hash: md5
      md5: 854c791d9e94bef7a41c4824d34d3422.dir
      size: 810616
      nfiles: 1
  prophet_baseline:
    cmd: python src/gaspriceforecast/pipeline/stage_02_prophet_baseline.py
    deps:
    - path: artifacts/prepare_data
      hash: md5
      md5: 854c791d9e94bef7a41c4824d34d3422.dir
      size: 810616
      nfiles: 1
    - path: config/config.yaml
      hash: md5
      md5: 29ed721350a6f946be53f07f330b2e9e
      size: 3751
    - path: params.yaml
      hash: md5
      md5: 6cca5e21b4d6f2c602bae61dda0b5921
      size: 1132
    - path: src/gaspriceforecast/components/prophet_baseline.py
      hash: md5
      md5: 5e1e445968b976f546968cc67288835c
      size: 5610
    - path: src/gaspriceforecast/pipeline/stage_02_prophet_baseline.py
      hash: md5
      md5: 4760e60dc86f8b068cd6fd1ac91f9754
      size: 944
    outs:
    - path: artifacts/prophet_baseline
      hash: md5
      md5: 60c24483520acc4b9ab6ce73d55dff51.dir
      size: 650795
      nfiles: 6
  lstm_model:
    cmd: python src/gaspriceforecast/pipeline/stage_03_lstm_model.py
    deps:
    - path: artifacts/prepare_data
      hash: md5
      md5: 854c791d9e94bef7a41c4824d34d3422.dir
      size: 810616
      nfiles: 1
    - path: config/config.yaml
      hash: md5
      md5: 29ed721350a6f946be53f07f330b2e9e
      size: 3751
    - path: params.yaml
      hash: md5
      md5: 6cca5e21b4d6f2c602bae61dda0b5921
      size: 1132
    - path: src/gaspriceforecast/components/lstm_model.py
      hash: md5
      md5: 1d3f4c93cd156660ca5580710c34c78f
      size: 6948
    - path: src/gaspriceforecast/pipeline/stage_03_lstm_model.py
      hash: md5
      md5: cad191003df4b40ae9681f3347bb43e1
      size: 893
    outs:
    - path: artifacts/lstm_model
      hash: md5
      md5: 9b61ddd5d5ba0c56d4b228619f36eeb4.dir
      size: 1024443
      nfiles: 6
  bilstm_model:
    cmd: python src/gaspriceforecast/pipeline/stage_04_bilstm_model.py
    deps:
    - path: artifacts/prepare_data
      hash: md5
      md5: 854c791d9e94bef7a41c4824d34d3422.dir
      size: 810616
      nfiles: 1
    - path: config/config.yaml
      hash: md5
      md5: 29ed721350a6f946be53f07f330b2e9e
      size: 3751
    - path: params.yaml
      hash: md5
      md5: 6cca5e21b4d6f2c602bae61dda0b5921
      size: 1132
    - path: src/gaspriceforecast/components/bilstm_model.py
      hash: md5
      md5: f0b0be33878b61b3f1b561d91ae8af54
      size: 6811
    - path: src/gaspriceforecast/pipeline/stage_04_bilstm_model.py
      hash: md5
      md5: dee1b1ddb0a8ac601b04ac548a5a3462
      size: 903
    outs:
    - path: artifacts/bilstm_model
      hash: md5
      md5: f8764434337850880a62abf6bb0a0ddf.dir
      size: 1909742
      nfiles: 6
  model_evaluation:
    cmd: python src/gaspriceforecast/pipeline/stage_05_model_evaluation.py
    deps:
    - path: artifacts/bilstm_model/metrics.json
      hash: md5
      md5: e9eed7ef9ad0277ec972949f1725128f
      size: 98
    - path: artifacts/lstm_model/metrics.json
      hash: md5
      md5: f5c7778f21d4b5baa94623dd63fb6b5b
      size: 99
    - path: artifacts/prophet_baseline/prophet_metrics.json
      hash: md5
      md5: 209125357433b69972170805d918b1b5
      size: 97
    - path: config/config.yaml
      hash: md5
      md5: 29ed721350a6f946be53f07f330b2e9e
      size: 3751
    - path: src/gaspriceforecast/components/mlflow_model_evaluation.py
      hash: md5
      md5: d464f4e39861f357f360329e6dcea938
      size: 10290
    - path: src/gaspriceforecast/pipeline/stage_05_model_evaluation.py
      hash: md5
      md5: b8c83e8eac9b4f9bd130fe1946f14071
      size: 973
    outs:
    - path: artifacts/model_evaluation
      hash: md5
      md5: f9c0637ba649ab86983e461a689791f4.dir
      size: 21819
      nfiles: 2
  future_feature_engineering:
    cmd: python src/gaspriceforecast/pipeline/stage_06_future_feature_engineering.py
    deps:
    - path: artifacts/prepare_data/processed_data.csv
      hash: md5
      md5: 5317f99b8f813bf9b64af08cbd4df50a
      size: 810616
    - path: config/config.yaml
      hash: md5
      md5: 29ed721350a6f946be53f07f330b2e9e
      size: 3751
    - path: params.yaml
      hash: md5
      md5: 6cca5e21b4d6f2c602bae61dda0b5921
      size: 1132
    - path: src/gaspriceforecast/components/future_feature_engineering.py
      hash: md5
      md5: c361db6496bb600017a71e4f240a8039
      size: 6672
    - path: src/gaspriceforecast/pipeline/stage_06_future_feature_engineering.py
      hash: md5
      md5: 345fc64ada8b554fe36579954e60ee3e
      size: 943
    outs:
    - path: artifacts/future_feature_engineering/future_features.csv
      hash: md5
      md5: 84819d3c51dd9b15dfd3eb817addf3f6
      size: 6817
  forecast_with_lstm:
    cmd: python src/gaspriceforecast/pipeline/stage_07_forecast_with_lstm.py
    deps:
    - path: artifacts/future_feature_engineering/future_features.csv
      hash: md5
      md5: 84819d3c51dd9b15dfd3eb817addf3f6
      size: 6817
    - path: artifacts/future_feature_engineering/last_known.csv
      hash: md5
      md5: 5f5680d6473264284dbcef17214c44a3
      size: 10850
    - path: artifacts/lstm_model/lstm_model.h5
      hash: md5
      md5: 2d3f9216877a1aaba7cf2e7837b4f7ec
      size: 892864
    - path: artifacts/lstm_model/scaler.pkl
      hash: md5
      md5: 8788ec6f4f226104c37ae77a6beb3b90
      size: 927
    - path: artifacts/lstm_model/scaler_feature.pkl
      hash: md5
      md5: 24b42f1ba7f71141c3dfc3b973374a04
      size: 1447
    - path: config/config.yaml
      hash: md5
      md5: 29ed721350a6f946be53f07f330b2e9e
      size: 3751
    - path: params.yaml
      hash: md5
      md5: 6cca5e21b4d6f2c602bae61dda0b5921
      size: 1132
    - path: src/gaspriceforecast/components/forecast_with_lstm.py
      hash: md5
      md5: 84c79fa81891113f4c30b7fe91cca4d3
      size: 3699
    - path: src/gaspriceforecast/pipeline/stage_07_forecast_with_lstm.py
      hash: md5
      md5: 9c5ad44500ae453ac840e5ecfffbc758
      size: 910
    outs:
    - path: artifacts/forecast_with_lstm/forecast_plot.png
      hash: md5
      md5: f2b2b6e7df4d03a25c8e4003f4e6fe6a
      size: 79443
    - path: artifacts/forecast_with_lstm/forecasted_prices.csv
      hash: md5
      md5: c4d8b14f4eef08424c38b96fc3081f75
      size: 647
  forecast_with_bilstm:
    cmd: python src/gaspriceforecast/pipeline/stage_08_forecast_with_bilstm.py
    deps:
    - path: artifacts/bilstm_model/bilstm_model.h5
      hash: md5
      md5: 5f49deff1df00b8028ae8266ad585406
      size: 1772368
    - path: artifacts/bilstm_model/scaler.pkl
      hash: md5
      md5: 8788ec6f4f226104c37ae77a6beb3b90
      size: 927
    - path: artifacts/bilstm_model/scaler_feature.pkl
      hash: md5
      md5: 24b42f1ba7f71141c3dfc3b973374a04
      size: 1447
    - path: artifacts/future_feature_engineering/future_features.csv
      hash: md5
      md5: 84819d3c51dd9b15dfd3eb817addf3f6
      size: 6817
    - path: artifacts/future_feature_engineering/last_known.csv
      hash: md5
      md5: 5f5680d6473264284dbcef17214c44a3
      size: 10850
    - path: config/config.yaml
      hash: md5
      md5: 29ed721350a6f946be53f07f330b2e9e
      size: 3751
    - path: params.yaml
      hash: md5
      md5: 6cca5e21b4d6f2c602bae61dda0b5921
      size: 1132
    - path: src/gaspriceforecast/components/forecast_with_bilstm.py
      hash: md5
      md5: c4fe071d09b0a19f7e961aa0c1b4eda6
      size: 3711
    - path: src/gaspriceforecast/pipeline/stage_08_forecast_with_bilstm.py
      hash: md5
      md5: 59b8da5fd64da9c46439d99b4ba47d0d
      size: 926
    outs:
    - path: artifacts/forecast_with_bilstm/forecast_plot.png
      hash: md5
      md5: a653ec7361ae09d00d1f258fb67e6794
      size: 80335
    - path: artifacts/forecast_with_bilstm/forecasted_prices.csv
      hash: md5
      md5: 73a393bc2b35390c20db98ee27eb33e2
      size: 636
